
Microsoft Visual Studio Solution File, Format Version 12.00
# Visual Studio Version 16
VisualStudioVersion = 25.0.1706.14
MinimumVisualStudioVersion = 10.0.40219.1
Project("{FAE04EC0-301F-11D3-BF4B-00C04F79EFBC}") = "OpenBankAPI.Infrastructure", "OpenBankAPI.Infrastructure.csproj", "{76482A34-B476-46F0-B45C-67366E6B5F83}"
EndProject
Global
	GlobalSection(SolutionConfigurationPlatforms) = preSolution
		Debug|Any CPU = Debug|Any CPU
		Release|Any CPU = Release|Any CPU
	EndGlobalSection
	GlobalSection(ProjectConfigurationPlatforms) = postSolution
		{76482A34-B476-46F0-B45C-67366E6B5F83}.Debug|Any CPU.ActiveCfg = Debug|Any CPU
		{76482A34-B476-46F0-B45C-67366E6B5F83}.Debug|Any CPU.Build.0 = Debug|Any CPU
		{76482A34-B476-46F0-B45C-67366E6B5F83}.Release|Any CPU.ActiveCfg = Release|Any CPU
		{76482A34-B476-46F0-B45C-67366E6B5F83}.Release|Any CPU.Build.0 = Release|Any CPU
	EndGlobalSection
	GlobalSection(SolutionProperties) = preSolution
		HideSolutionNode = FALSE
	EndGlobalSection
	GlobalSection(ExtensibilityGlobals) = postSolution
		SolutionGuid = {3DD32BA5-B483-4C69-A92B-D1F1DEB9A6B9}
	EndGlobalSection
EndGlobal
